
Microsoft Visual Studio Solution File, Format Version 12.00
# Visual Studio Version 16
VisualStudioVersion = 16.0.31019.35
MinimumVisualStudioVersion = 10.0.40219.1
Project("{8BC9CEB8-8B4A-11D0-8D11-00A0C91BC942}") = "wxFormBuilder", "vs_project\wxFormBuilder.vcxproj", "{E9726FC8-B34A-4634-9F27-E876695AF622}"
	ProjectSection(ProjectDependencies) = postProject
		{C7DD85B3-067E-4812-9622-24BD3796A196} = {C7DD85B3-067E-4812-9622-24BD3796A196}
		{1B73F7CB-0DA6-4559-99BD-47F94A0B4C74} = {1B73F7CB-0DA6-4559-99BD-47F94A0B4C74}
	EndProjectSection
EndProject
Project("{8BC9CEB8-8B4A-11D0-8D11-00A0C91BC942}") = "additional", "vs_project\plugins\additional\additional.vcxproj", "{D039C742-2A43-433E-8DEA-099B89A82DBE}"
	ProjectSection(ProjectDependencies) = postProject
		{C7DD85B3-067E-4812-9622-24BD3796A196} = {C7DD85B3-067E-4812-9622-24BD3796A196}
		{1B73F7CB-0DA6-4559-99BD-47F94A0B4C74} = {1B73F7CB-0DA6-4559-99BD-47F94A0B4C74}
	EndProjectSection
EndProject
Project("{2150E333-8FDC-42A3-9474-1A3956D46DE8}") = "plugins", "plugins", "{058EE981-9D3D-4ED6-B9FD-A81ED55F7419}"
EndProject
Project("{2150E333-8FDC-42A3-9474-1A3956D46DE8}") = "libraries", "libraries", "{AD7BF670-EC47-4AF2-9513-E61AA8A0D3BD}"
EndProject
Project("{8BC9CEB8-8B4A-11D0-8D11-00A0C91BC942}") = "ticpp", "vs_project\libraries\ticpp\ticpp.vcxproj", "{C7DD85B3-067E-4812-9622-24BD3796A196}"
EndProject
Project("{8BC9CEB8-8B4A-11D0-8D11-00A0C91BC942}") = "plugin_interface", "vs_project\plugins\plugin_interface\plugin_interface.vcxproj", "{1B73F7CB-0DA6-4559-99BD-47F94A0B4C74}"
EndProject
Project("{8BC9CEB8-8B4A-11D0-8D11-00A0C91BC942}") = "common", "vs_project\plugins\common\common.vcxproj", "{A9DE315C-5417-461C-AF95-7203B70D2702}"
	ProjectSection(ProjectDependencies) = postProject
		{C7DD85B3-067E-4812-9622-24BD3796A196} = {C7DD85B3-067E-4812-9622-24BD3796A196}
		{1B73F7CB-0DA6-4559-99BD-47F94A0B4C74} = {1B73F7CB-0DA6-4559-99BD-47F94A0B4C74}
	EndProjectSection
EndProject
Project("{8BC9CEB8-8B4A-11D0-8D11-00A0C91BC942}") = "containers", "vs_project\plugins\containers\containers.vcxproj", "{24628048-E2DA-455E-8E76-4B40F5DC2C1B}"
	ProjectSection(ProjectDependencies) = postProject
		{C7DD85B3-067E-4812-9622-24BD3796A196} = {C7DD85B3-067E-4812-9622-24BD3796A196}
		{1B73F7CB-0DA6-4559-99BD-47F94A0B4C74} = {1B73F7CB-0DA6-4559-99BD-47F94A0B4C74}
	EndProjectSection
EndProject
Project("{8BC9CEB8-8B4A-11D0-8D11-00A0C91BC942}") = "forms", "vs_project\plugins\forms\forms.vcxproj", "{DA7E4473-8F5B-489C-8647-8B4E791F0A11}"
	ProjectSection(ProjectDependencies) = postProject
		{C7DD85B3-067E-4812-9622-24BD3796A196} = {C7DD85B3-067E-4812-9622-24BD3796A196}
		{1B73F7CB-0DA6-4559-99BD-47F94A0B4C74} = {1B73F7CB-0DA6-4559-99BD-47F94A0B4C74}
	EndProjectSection
EndProject
Project("{8BC9CEB8-8B4A-11D0-8D11-00A0C91BC942}") = "layout", "vs_project\plugins\layout\layout.vcxproj", "{D66F1AAB-ABE3-4F46-B923-9DDDE61D53B2}"
	ProjectSection(ProjectDependencies) = postProject
		{C7DD85B3-067E-4812-9622-24BD3796A196} = {C7DD85B3-067E-4812-9622-24BD3796A196}
		{1B73F7CB-0DA6-4559-99BD-47F94A0B4C74} = {1B73F7CB-0DA6-4559-99BD-47F94A0B4C74}
	EndProjectSection
EndProject
Global
	GlobalSection(SolutionConfigurationPlatforms) = preSolution
		Debug|x64 = Debug|x64
		Debug|x86 = Debug|x86
		Release|x64 = Release|x64
		Release|x86 = Release|x86
	EndGlobalSection
	GlobalSection(ProjectConfigurationPlatforms) = postSolution
		{E9726FC8-B34A-4634-9F27-E876695AF622}.Debug|x64.ActiveCfg = Debug|x64
		{E9726FC8-B34A-4634-9F27-E876695AF622}.Debug|x64.Build.0 = Debug|x64
		{E9726FC8-B34A-4634-9F27-E876695AF622}.Debug|x86.ActiveCfg = Debug|Win32
		{E9726FC8-B34A-4634-9F27-E876695AF622}.Debug|x86.Build.0 = Debug|Win32
		{E9726FC8-B34A-4634-9F27-E876695AF622}.Release|x64.ActiveCfg = Release|x64
		{E9726FC8-B34A-4634-9F27-E876695AF622}.Release|x64.Build.0 = Release|x64
		{E9726FC8-B34A-4634-9F27-E876695AF622}.Release|x86.ActiveCfg = Release|Win32
		{E9726FC8-B34A-4634-9F27-E876695AF622}.Release|x86.Build.0 = Release|Win32
		{D039C742-2A43-433E-8DEA-099B89A82DBE}.Debug|x64.ActiveCfg = Debug|x64
		{D039C742-2A43-433E-8DEA-099B89A82DBE}.Debug|x64.Build.0 = Debug|x64
		{D039C742-2A43-433E-8DEA-099B89A82DBE}.Debug|x86.ActiveCfg = Debug|Win32
		{D039C742-2A43-433E-8DEA-099B89A82DBE}.Debug|x86.Build.0 = Debug|Win32
		{D039C742-2A43-433E-8DEA-099B89A82DBE}.Release|x64.ActiveCfg = Release|x64
		{D039C742-2A43-433E-8DEA-099B89A82DBE}.Release|x64.Build.0 = Release|x64
		{D039C742-2A43-433E-8DEA-099B89A82DBE}.Release|x86.ActiveCfg = Release|Win32
		{D039C742-2A43-433E-8DEA-099B89A82DBE}.Release|x86.Build.0 = Release|Win32
		{C7DD85B3-067E-4812-9622-24BD3796A196}.Debug|x64.ActiveCfg = Debug|x64
		{C7DD85B3-067E-4812-9622-24BD3796A196}.Debug|x64.Build.0 = Debug|x64
		{C7DD85B3-067E-4812-9622-24BD3796A196}.Debug|x86.ActiveCfg = Debug|Win32
		{C7DD85B3-067E-4812-9622-24BD3796A196}.Debug|x86.Build.0 = Debug|Win32
		{C7DD85B3-067E-4812-9622-24BD3796A196}.Release|x64.ActiveCfg = Release|x64
		{C7DD85B3-067E-4812-9622-24BD3796A196}.Release|x64.Build.0 = Release|x64
		{C7DD85B3-067E-4812-9622-24BD3796A196}.Release|x86.ActiveCfg = Release|Win32
		{C7DD85B3-067E-4812-9622-24BD3796A196}.Release|x86.Build.0 = Release|Win32
		{1B73F7CB-0DA6-4559-99BD-47F94A0B4C74}.Debug|x64.ActiveCfg = Debug|x64
		{1B73F7CB-0DA6-4559-99BD-47F94A0B4C74}.Debug|x64.Build.0 = Debug|x64
		{1B73F7CB-0DA6-4559-99BD-47F94A0B4C74}.Debug|x86.ActiveCfg = Debug|Win32
		{1B73F7CB-0DA6-4559-99BD-47F94A0B4C74}.Debug|x86.Build.0 = Debug|Win32
		{1B73F7CB-0DA6-4559-99BD-47F94A0B4C74}.Release|x64.ActiveCfg = Release|x64
		{1B73F7CB-0DA6-4559-99BD-47F94A0B4C74}.Release|x64.Build.0 = Release|x64
		{1B73F7CB-0DA6-4559-99BD-47F94A0B4C74}.Release|x86.ActiveCfg = Release|Win32
		{1B73F7CB-0DA6-4559-99BD-47F94A0B4C74}.Release|x86.Build.0 = Release|Win32
		{A9DE315C-5417-461C-AF95-7203B70D2702}.Debug|x64.ActiveCfg = Debug|x64
		{A9DE315C-5417-461C-AF95-7203B70D2702}.Debug|x64.Build.0 = Debug|x64
		{A9DE315C-5417-461C-AF95-7203B70D2702}.Debug|x86.ActiveCfg = Debug|Win32
		{A9DE315C-5417-461C-AF95-7203B70D2702}.Debug|x86.Build.0 = Debug|Win32
		{A9DE315C-5417-461C-AF95-7203B70D2702}.Release|x64.ActiveCfg = Release|x64
		{A9DE315C-5417-461C-AF95-7203B70D2702}.Release|x64.Build.0 = Release|x64
		{A9DE315C-5417-461C-AF95-7203B70D2702}.Release|x86.ActiveCfg = Release|Win32
		{A9DE315C-5417-461C-AF95-7203B70D2702}.Release|x86.Build.0 = Release|Win32
		{24628048-E2DA-455E-8E76-4B40F5DC2C1B}.Debug|x64.ActiveCfg = Debug|x64
		{24628048-E2DA-455E-8E76-4B40F5DC2C1B}.Debug|x64.Build.0 = Debug|x64
		{24628048-E2DA-455E-8E76-4B40F5DC2C1B}.Debug|x86.ActiveCfg = Debug|Win32
		{24628048-E2DA-455E-8E76-4B40F5DC2C1B}.Debug|x86.Build.0 = Debug|Win32
		{24628048-E2DA-455E-8E76-4B40F5DC2C1B}.Release|x64.ActiveCfg = Release|x64
		{24628048-E2DA-455E-8E76-4B40F5DC2C1B}.Release|x64.Build.0 = Release|x64
		{24628048-E2DA-455E-8E76-4B40F5DC2C1B}.Release|x86.ActiveCfg = Release|Win32
		{24628048-E2DA-455E-8E76-4B40F5DC2C1B}.Release|x86.Build.0 = Release|Win32
		{DA7E4473-8F5B-489C-8647-8B4E791F0A11}.Debug|x64.ActiveCfg = Debug|x64
		{DA7E4473-8F5B-489C-8647-8B4E791F0A11}.Debug|x64.Build.0 = Debug|x64
		{DA7E4473-8F5B-489C-8647-8B4E791F0A11}.Debug|x86.ActiveCfg = Debug|Win32
		{DA7E4473-8F5B-489C-8647-8B4E791F0A11}.Debug|x86.Build.0 = Debug|Win32
		{DA7E4473-8F5B-489C-8647-8B4E791F0A11}.Release|x64.ActiveCfg = Release|x64
		{DA7E4473-8F5B-489C-8647-8B4E791F0A11}.Release|x64.Build.0 = Release|x64
		{DA7E4473-8F5B-489C-8647-8B4E791F0A11}.Release|x86.ActiveCfg = Release|Win32
		{DA7E4473-8F5B-489C-8647-8B4E791F0A11}.Release|x86.Build.0 = Release|Win32
		{D66F1AAB-ABE3-4F46-B923-9DDDE61D53B2}.Debug|x64.ActiveCfg = Debug|x64
		{D66F1AAB-ABE3-4F46-B923-9DDDE61D53B2}.Debug|x64.Build.0 = Debug|x64
		{D66F1AAB-ABE3-4F46-B923-9DDDE61D53B2}.Debug|x86.ActiveCfg = Debug|Win32
		{D66F1AAB-ABE3-4F46-B923-9DDDE61D53B2}.Debug|x86.Build.0 = Debug|Win32
		{D66F1AAB-ABE3-4F46-B923-9DDDE61D53B2}.Release|x64.ActiveCfg = Release|x64
		{D66F1AAB-ABE3-4F46-B923-9DDDE61D53B2}.Release|x64.Build.0 = Release|x64
		{D66F1AAB-ABE3-4F46-B923-9DDDE61D53B2}.Release|x86.ActiveCfg = Release|Win32
		{D66F1AAB-ABE3-4F46-B923-9DDDE61D53B2}.Release|x86.Build.0 = Release|Win32
	EndGlobalSection
	GlobalSection(SolutionProperties) = preSolution
		HideSolutionNode = FALSE
	EndGlobalSection
	GlobalSection(NestedProjects) = preSolution
		{D039C742-2A43-433E-8DEA-099B89A82DBE} = {058EE981-9D3D-4ED6-B9FD-A81ED55F7419}
		{C7DD85B3-067E-4812-9622-24BD3796A196} = {AD7BF670-EC47-4AF2-9513-E61AA8A0D3BD}
		{1B73F7CB-0DA6-4559-99BD-47F94A0B4C74} = {058EE981-9D3D-4ED6-B9FD-A81ED55F7419}
		{A9DE315C-5417-461C-AF95-7203B70D2702} = {058EE981-9D3D-4ED6-B9FD-A81ED55F7419}
		{24628048-E2DA-455E-8E76-4B40F5DC2C1B} = {058EE981-9D3D-4ED6-B9FD-A81ED55F7419}
		{DA7E4473-8F5B-489C-8647-8B4E791F0A11} = {058EE981-9D3D-4ED6-B9FD-A81ED55F7419}
		{D66F1AAB-ABE3-4F46-B923-9DDDE61D53B2} = {058EE981-9D3D-4ED6-B9FD-A81ED55F7419}
	EndGlobalSection
	GlobalSection(ExtensibilityGlobals) = postSolution
		SolutionGuid = {683D7EB5-1868-4A04-9822-DB7F2C60006A}
	EndGlobalSection
EndGlobal
